
Microsoft Visual Studio Solution File, Format Version 12.00
# Visual Studio Version 16
VisualStudioVersion = 16.0.29503.13
MinimumVisualStudioVersion = 10.0.40219.1
Project("{FAE04EC0-301F-11D3-BF4B-00C04F79EFBC}") = "UkolA4", "UkolA4.csproj", "{77B029A6-846B-44F4-AEB1-F6FAD0C605D5}"
EndProject
Global
	GlobalSection(SolutionConfigurationPlatforms) = preSolution
		Debug|Any CPU = Debug|Any CPU
		Release|Any CPU = Release|Any CPU
	EndGlobalSection
	GlobalSection(ProjectConfigurationPlatforms) = postSolution
		{77B029A6-846B-44F4-AEB1-F6FAD0C605D5}.Debug|Any CPU.ActiveCfg = Debug|Any CPU
		{77B029A6-846B-44F4-AEB1-F6FAD0C605D5}.Debug|Any CPU.Build.0 = Debug|Any CPU
		{77B029A6-846B-44F4-AEB1-F6FAD0C605D5}.Release|Any CPU.ActiveCfg = Release|Any CPU
		{77B029A6-846B-44F4-AEB1-F6FAD0C605D5}.Release|Any CPU.Build.0 = Release|Any CPU
	EndGlobalSection
	GlobalSection(SolutionProperties) = preSolution
		HideSolutionNode = FALSE
	EndGlobalSection
	GlobalSection(ExtensibilityGlobals) = postSolution
		SolutionGuid = {1D062572-5B62-4E44-8E5E-C5DF4D46F9B5}
	EndGlobalSection
EndGlobal
