
Microsoft Visual Studio Solution File, Format Version 12.00
# Visual Studio Version 16
VisualStudioVersion = 16.0.29503.13
MinimumVisualStudioVersion = 10.0.40219.1
Project("{FAE04EC0-301F-11D3-BF4B-00C04F79EFBC}") = "UkolB4", "UkolB4.csproj", "{80D3F576-E4C8-43F1-AC4D-1B030C33AE02}"
EndProject
Global
	GlobalSection(SolutionConfigurationPlatforms) = preSolution
		Debug|Any CPU = Debug|Any CPU
		Release|Any CPU = Release|Any CPU
	EndGlobalSection
	GlobalSection(ProjectConfigurationPlatforms) = postSolution
		{80D3F576-E4C8-43F1-AC4D-1B030C33AE02}.Debug|Any CPU.ActiveCfg = Debug|Any CPU
		{80D3F576-E4C8-43F1-AC4D-1B030C33AE02}.Debug|Any CPU.Build.0 = Debug|Any CPU
		{80D3F576-E4C8-43F1-AC4D-1B030C33AE02}.Release|Any CPU.ActiveCfg = Release|Any CPU
		{80D3F576-E4C8-43F1-AC4D-1B030C33AE02}.Release|Any CPU.Build.0 = Release|Any CPU
	EndGlobalSection
	GlobalSection(SolutionProperties) = preSolution
		HideSolutionNode = FALSE
	EndGlobalSection
	GlobalSection(ExtensibilityGlobals) = postSolution
		SolutionGuid = {57DA82B1-420C-490F-8D8B-4307986CFCD4}
	EndGlobalSection
EndGlobal
