
Microsoft Visual Studio Solution File, Format Version 12.00
# Visual Studio Version 16
VisualStudioVersion = 16.0.29503.13
MinimumVisualStudioVersion = 10.0.40219.1
Project("{FAE04EC0-301F-11D3-BF4B-00C04F79EFBC}") = "UkolD2", "UkolD2.csproj", "{BBC7777F-9FE5-48AC-A66D-D0F957FF9FAD}"
EndProject
Global
	GlobalSection(SolutionConfigurationPlatforms) = preSolution
		Debug|Any CPU = Debug|Any CPU
		Release|Any CPU = Release|Any CPU
	EndGlobalSection
	GlobalSection(ProjectConfigurationPlatforms) = postSolution
		{BBC7777F-9FE5-48AC-A66D-D0F957FF9FAD}.Debug|Any CPU.ActiveCfg = Debug|Any CPU
		{BBC7777F-9FE5-48AC-A66D-D0F957FF9FAD}.Debug|Any CPU.Build.0 = Debug|Any CPU
		{BBC7777F-9FE5-48AC-A66D-D0F957FF9FAD}.Release|Any CPU.ActiveCfg = Release|Any CPU
		{BBC7777F-9FE5-48AC-A66D-D0F957FF9FAD}.Release|Any CPU.Build.0 = Release|Any CPU
	EndGlobalSection
	GlobalSection(SolutionProperties) = preSolution
		HideSolutionNode = FALSE
	EndGlobalSection
	GlobalSection(ExtensibilityGlobals) = postSolution
		SolutionGuid = {A33C368F-8AE7-4805-B19C-D201D8E524A9}
	EndGlobalSection
EndGlobal
